// !$*UTF8*$!
{
	archiveVersion = 1;
	classes = {
	};
	objectVersion = 46;
	objects = {

/* Begin PBXBuildFile section */
		2F39913613BEAA1B006DD885 /* TableViewCellAssociations.m in Sources */ = {isa = PBXBuildFile; fileRef = 2F39913513BEAA1A006DD885 /* TableViewCellAssociations.m */; };
		2F39914713C4B4C5006DD885 /* SavesAndRestoresDefaults.m in Sources */ = {isa = PBXBuildFile; fileRef = 2F39914613C4B4C5006DD885 /* SavesAndRestoresDefaults.m */; };
		2F39914A13C5490C006DD885 /* Picticulars.m in Sources */ = {isa = PBXBuildFile; fileRef = 2F39914913C5490B006DD885 /* Picticulars.m */; };
		2F730DF613B2664600AEDD7F /* UIKit.framework in Frameworks */ = {isa = PBXBuildFile; fileRef = 2F730DF513B2664600AEDD7F /* UIKit.framework */; };
		2F730DF813B2664600AEDD7F /* Foundation.framework in Frameworks */ = {isa = PBXBuildFile; fileRef = 2F730DF713B2664600AEDD7F /* Foundation.framework */; };
		2F730DFA13B2664600AEDD7F /* CoreGraphics.framework in Frameworks */ = {isa = PBXBuildFile; fileRef = 2F730DF913B2664600AEDD7F /* CoreGraphics.framework */; };
		2F730E0013B2664600AEDD7F /* InfoPlist.strings in Resources */ = {isa = PBXBuildFile; fileRef = 2F730DFE13B2664600AEDD7F /* InfoPlist.strings */; };
		2F730E0313B2664600AEDD7F /* main.m in Sources */ = {isa = PBXBuildFile; fileRef = 2F730E0213B2664600AEDD7F /* main.m */; };
		2F730E0613B2664600AEDD7F /* PlacesAppDelegate.m in Sources */ = {isa = PBXBuildFile; fileRef = 2F730E0513B2664600AEDD7F /* PlacesAppDelegate.m */; };
		2F730E0913B2664600AEDD7F /* MainWindow.xib in Resources */ = {isa = PBXBuildFile; fileRef = 2F730E0713B2664600AEDD7F /* MainWindow.xib */; };
		2F730E1C13B2664600AEDD7F /* UIKit.framework in Frameworks */ = {isa = PBXBuildFile; fileRef = 2F730DF513B2664600AEDD7F /* UIKit.framework */; };
		2F730E1D13B2664600AEDD7F /* Foundation.framework in Frameworks */ = {isa = PBXBuildFile; fileRef = 2F730DF713B2664600AEDD7F /* Foundation.framework */; };
		2F730E1E13B2664600AEDD7F /* CoreGraphics.framework in Frameworks */ = {isa = PBXBuildFile; fileRef = 2F730DF913B2664600AEDD7F /* CoreGraphics.framework */; };
		2F730E2613B2664700AEDD7F /* InfoPlist.strings in Resources */ = {isa = PBXBuildFile; fileRef = 2F730E2413B2664700AEDD7F /* InfoPlist.strings */; };
		2F730E2913B2664700AEDD7F /* PlacesTests.h in Resources */ = {isa = PBXBuildFile; fileRef = 2F730E2813B2664700AEDD7F /* PlacesTests.h */; };
		2F730E2B13B2664700AEDD7F /* PlacesTests.m in Sources */ = {isa = PBXBuildFile; fileRef = 2F730E2A13B2664700AEDD7F /* PlacesTests.m */; };
		2F730E3F13B27ED500AEDD7F /* MostViewedTableViewController.m in Sources */ = {isa = PBXBuildFile; fileRef = 2F730E3E13B27ED500AEDD7F /* MostViewedTableViewController.m */; };
		2F730E4213B2829F00AEDD7F /* RecentsTableViewController.m in Sources */ = {isa = PBXBuildFile; fileRef = 2F730E4113B2829F00AEDD7F /* RecentsTableViewController.m */; };
		2F730E7513B2872200AEDD7F /* FlickrFetcher.m in Sources */ = {isa = PBXBuildFile; fileRef = 2F730E6613B2872200AEDD7F /* FlickrFetcher.m */; };
		2F730E7713B2872200AEDD7F /* NSObject+SBJSON.m in Sources */ = {isa = PBXBuildFile; fileRef = 2F730E6A13B2872200AEDD7F /* NSObject+SBJSON.m */; };
		2F730E7913B2872200AEDD7F /* NSString+SBJSON.m in Sources */ = {isa = PBXBuildFile; fileRef = 2F730E6C13B2872200AEDD7F /* NSString+SBJSON.m */; };
		2F730E7B13B2872200AEDD7F /* SBJSON.m in Sources */ = {isa = PBXBuildFile; fileRef = 2F730E6E13B2872200AEDD7F /* SBJSON.m */; };
		2F730E7D13B2872200AEDD7F /* SBJsonBase.m in Sources */ = {isa = PBXBuildFile; fileRef = 2F730E7013B2872200AEDD7F /* SBJsonBase.m */; };
		2F730E7F13B2872200AEDD7F /* SBJsonParser.m in Sources */ = {isa = PBXBuildFile; fileRef = 2F730E7213B2872200AEDD7F /* SBJsonParser.m */; };
		2F730E8113B2872200AEDD7F /* SBJsonWriter.m in Sources */ = {isa = PBXBuildFile; fileRef = 2F730E7413B2872200AEDD7F /* SBJsonWriter.m */; };
		2F730E8513B3A6C000AEDD7F /* FlickrModel.m in Sources */ = {isa = PBXBuildFile; fileRef = 2F730E8413B3A6C000AEDD7F /* FlickrModel.m */; };
		2F730E8813B3A7F200AEDD7F /* PlacesTableViewController.m in Sources */ = {isa = PBXBuildFile; fileRef = 2F730E8713B3A7F200AEDD7F /* PlacesTableViewController.m */; };
		2F7AB70E13BBA0DE00C366DF /* PhotoViewController.m in Sources */ = {isa = PBXBuildFile; fileRef = 2F7AB70C13BBA0DE00C366DF /* PhotoViewController.m */; };
		2F7AB70F13BBA0DE00C366DF /* PhotoViewController.xib in Resources */ = {isa = PBXBuildFile; fileRef = 2F7AB70D13BBA0DE00C366DF /* PhotoViewController.xib */; };
		2FCB2D5813CBD9C800F9CDDF /* README.org in Resources */ = {isa = PBXBuildFile; fileRef = 2FCB2D5713CBD9C700F9CDDF /* README.org */; };
		2FCD94FF13DB62B0004C1DAA /* RecentsModel.m in Sources */ = {isa = PBXBuildFile; fileRef = 2FCD94FE13DB62B0004C1DAA /* RecentsModel.m */; };
		2FCD950013DB62B0004C1DAA /* RecentsModel.m in Sources */ = {isa = PBXBuildFile; fileRef = 2FCD94FE13DB62B0004C1DAA /* RecentsModel.m */; };
		2FD3392613BA6AB100791661 /* NSString+Utils.m in Sources */ = {isa = PBXBuildFile; fileRef = 2FD3392513BA6AB100791661 /* NSString+Utils.m */; };
		2FD3392713BA6AB100791661 /* NSString+Utils.m in Sources */ = {isa = PBXBuildFile; fileRef = 2FD3392513BA6AB100791661 /* NSString+Utils.m */; };
		2FD3392B13BA6BC400791661 /* NSString_UtilsTest.m in Sources */ = {isa = PBXBuildFile; fileRef = 2FD3392913BA6BC400791661 /* NSString_UtilsTest.m */; };
/* End PBXBuildFile section */

/* Begin PBXContainerItemProxy section */
		2F730E1F13B2664700AEDD7F /* PBXContainerItemProxy */ = {
			isa = PBXContainerItemProxy;
			containerPortal = 2F730DE813B2664500AEDD7F /* Project object */;
			proxyType = 1;
			remoteGlobalIDString = 2F730DF013B2664600AEDD7F;
			remoteInfo = Places;
		};
/* End PBXContainerItemProxy section */

/* Begin PBXFileReference section */
		2F39913413BEAA1A006DD885 /* TableViewCellAssociations.h */ = {isa = PBXFileReference; fileEncoding = 4; lastKnownFileType = sourcecode.c.h; path = TableViewCellAssociations.h; sourceTree = "<group>"; };
		2F39913513BEAA1A006DD885 /* TableViewCellAssociations.m */ = {isa = PBXFileReference; fileEncoding = 4; lastKnownFileType = sourcecode.c.objc; path = TableViewCellAssociations.m; sourceTree = "<group>"; };
		2F39914513C4B4C5006DD885 /* SavesAndRestoresDefaults.h */ = {isa = PBXFileReference; fileEncoding = 4; lastKnownFileType = sourcecode.c.h; path = SavesAndRestoresDefaults.h; sourceTree = "<group>"; };
		2F39914613C4B4C5006DD885 /* SavesAndRestoresDefaults.m */ = {isa = PBXFileReference; fileEncoding = 4; lastKnownFileType = sourcecode.c.objc; path = SavesAndRestoresDefaults.m; sourceTree = "<group>"; };
		2F39914813C5490B006DD885 /* Picticulars.h */ = {isa = PBXFileReference; fileEncoding = 4; lastKnownFileType = sourcecode.c.h; path = Picticulars.h; sourceTree = "<group>"; };
		2F39914913C5490B006DD885 /* Picticulars.m */ = {isa = PBXFileReference; fileEncoding = 4; lastKnownFileType = sourcecode.c.objc; path = Picticulars.m; sourceTree = "<group>"; };
		2F730DF113B2664600AEDD7F /* Places.app */ = {isa = PBXFileReference; explicitFileType = wrapper.application; includeInIndex = 0; path = Places.app; sourceTree = BUILT_PRODUCTS_DIR; };
		2F730DF513B2664600AEDD7F /* UIKit.framework */ = {isa = PBXFileReference; lastKnownFileType = wrapper.framework; name = UIKit.framework; path = System/Library/Frameworks/UIKit.framework; sourceTree = SDKROOT; };
		2F730DF713B2664600AEDD7F /* Foundation.framework */ = {isa = PBXFileReference; lastKnownFileType = wrapper.framework; name = Foundation.framework; path = System/Library/Frameworks/Foundation.framework; sourceTree = SDKROOT; };
		2F730DF913B2664600AEDD7F /* CoreGraphics.framework */ = {isa = PBXFileReference; lastKnownFileType = wrapper.framework; name = CoreGraphics.framework; path = System/Library/Frameworks/CoreGraphics.framework; sourceTree = SDKROOT; };
		2F730DFD13B2664600AEDD7F /* Places-Info.plist */ = {isa = PBXFileReference; lastKnownFileType = text.plist.xml; path = "Places-Info.plist"; sourceTree = "<group>"; };
		2F730DFF13B2664600AEDD7F /* en */ = {isa = PBXFileReference; lastKnownFileType = text.plist.strings; name = en; path = en.lproj/InfoPlist.strings; sourceTree = "<group>"; };
		2F730E0113B2664600AEDD7F /* Places-Prefix.pch */ = {isa = PBXFileReference; lastKnownFileType = sourcecode.c.h; path = "Places-Prefix.pch"; sourceTree = "<group>"; };
		2F730E0213B2664600AEDD7F /* main.m */ = {isa = PBXFileReference; lastKnownFileType = sourcecode.c.objc; path = main.m; sourceTree = "<group>"; };
		2F730E0413B2664600AEDD7F /* PlacesAppDelegate.h */ = {isa = PBXFileReference; lastKnownFileType = sourcecode.c.h; path = PlacesAppDelegate.h; sourceTree = "<group>"; };
		2F730E0513B2664600AEDD7F /* PlacesAppDelegate.m */ = {isa = PBXFileReference; lastKnownFileType = sourcecode.c.objc; path = PlacesAppDelegate.m; sourceTree = "<group>"; };
		2F730E0813B2664600AEDD7F /* en */ = {isa = PBXFileReference; lastKnownFileType = file.xib; name = en; path = en.lproj/MainWindow.xib; sourceTree = "<group>"; };
		2F730E1B13B2664600AEDD7F /* PlacesTests.octest */ = {isa = PBXFileReference; explicitFileType = wrapper.cfbundle; includeInIndex = 0; path = PlacesTests.octest; sourceTree = BUILT_PRODUCTS_DIR; };
		2F730E2313B2664700AEDD7F /* PlacesTests-Info.plist */ = {isa = PBXFileReference; lastKnownFileType = text.plist.xml; path = "PlacesTests-Info.plist"; sourceTree = "<group>"; };
		2F730E2513B2664700AEDD7F /* en */ = {isa = PBXFileReference; lastKnownFileType = text.plist.strings; name = en; path = en.lproj/InfoPlist.strings; sourceTree = "<group>"; };
		2F730E2713B2664700AEDD7F /* PlacesTests-Prefix.pch */ = {isa = PBXFileReference; lastKnownFileType = sourcecode.c.h; path = "PlacesTests-Prefix.pch"; sourceTree = "<group>"; };
		2F730E2813B2664700AEDD7F /* PlacesTests.h */ = {isa = PBXFileReference; lastKnownFileType = sourcecode.c.h; path = PlacesTests.h; sourceTree = "<group>"; };
		2F730E2A13B2664700AEDD7F /* PlacesTests.m */ = {isa = PBXFileReference; lastKnownFileType = sourcecode.c.objc; path = PlacesTests.m; sourceTree = "<group>"; };
		2F730E3D13B27ED500AEDD7F /* MostViewedTableViewController.h */ = {isa = PBXFileReference; fileEncoding = 4; lastKnownFileType = sourcecode.c.h; path = MostViewedTableViewController.h; sourceTree = "<group>"; };
		2F730E3E13B27ED500AEDD7F /* MostViewedTableViewController.m */ = {isa = PBXFileReference; fileEncoding = 4; lastKnownFileType = sourcecode.c.objc; path = MostViewedTableViewController.m; sourceTree = "<group>"; };
		2F730E4013B2829F00AEDD7F /* RecentsTableViewController.h */ = {isa = PBXFileReference; fileEncoding = 4; lastKnownFileType = sourcecode.c.h; path = RecentsTableViewController.h; sourceTree = "<group>"; };
		2F730E4113B2829F00AEDD7F /* RecentsTableViewController.m */ = {isa = PBXFileReference; fileEncoding = 4; lastKnownFileType = sourcecode.c.objc; path = RecentsTableViewController.m; sourceTree = "<group>"; };
		2F730E6413B2872200AEDD7F /* FlickrAPIKey.h */ = {isa = PBXFileReference; fileEncoding = 4; lastKnownFileType = sourcecode.c.h; path = FlickrAPIKey.h; sourceTree = "<group>"; };
		2F730E6513B2872200AEDD7F /* FlickrFetcher.h */ = {isa = PBXFileReference; fileEncoding = 4; lastKnownFileType = sourcecode.c.h; path = FlickrFetcher.h; sourceTree = "<group>"; };
		2F730E6613B2872200AEDD7F /* FlickrFetcher.m */ = {isa = PBXFileReference; fileEncoding = 4; lastKnownFileType = sourcecode.c.objc; path = FlickrFetcher.m; sourceTree = "<group>"; };
		2F730E6813B2872200AEDD7F /* JSON.h */ = {isa = PBXFileReference; fileEncoding = 4; lastKnownFileType = sourcecode.c.h; path = JSON.h; sourceTree = "<group>"; };
		2F730E6913B2872200AEDD7F /* NSObject+SBJSON.h */ = {isa = PBXFileReference; fileEncoding = 4; lastKnownFileType = sourcecode.c.h; path = "NSObject+SBJSON.h"; sourceTree = "<group>"; };
		2F730E6A13B2872200AEDD7F /* NSObject+SBJSON.m */ = {isa = PBXFileReference; fileEncoding = 4; lastKnownFileType = sourcecode.c.objc; path = "NSObject+SBJSON.m"; sourceTree = "<group>"; };
		2F730E6B13B2872200AEDD7F /* NSString+SBJSON.h */ = {isa = PBXFileReference; fileEncoding = 4; lastKnownFileType = sourcecode.c.h; path = "NSString+SBJSON.h"; sourceTree = "<group>"; };
		2F730E6C13B2872200AEDD7F /* NSString+SBJSON.m */ = {isa = PBXFileReference; fileEncoding = 4; lastKnownFileType = sourcecode.c.objc; path = "NSString+SBJSON.m"; sourceTree = "<group>"; };
		2F730E6D13B2872200AEDD7F /* SBJSON.h */ = {isa = PBXFileReference; fileEncoding = 4; lastKnownFileType = sourcecode.c.h; path = SBJSON.h; sourceTree = "<group>"; };
		2F730E6E13B2872200AEDD7F /* SBJSON.m */ = {isa = PBXFileReference; fileEncoding = 4; lastKnownFileType = sourcecode.c.objc; path = SBJSON.m; sourceTree = "<group>"; };
		2F730E6F13B2872200AEDD7F /* SBJsonBase.h */ = {isa = PBXFileReference; fileEncoding = 4; lastKnownFileType = sourcecode.c.h; path = SBJsonBase.h; sourceTree = "<group>"; };
		2F730E7013B2872200AEDD7F /* SBJsonBase.m */ = {isa = PBXFileReference; fileEncoding = 4; lastKnownFileType = sourcecode.c.objc; path = SBJsonBase.m; sourceTree = "<group>"; };
		2F730E7113B2872200AEDD7F /* SBJsonParser.h */ = {isa = PBXFileReference; fileEncoding = 4; lastKnownFileType = sourcecode.c.h; path = SBJsonParser.h; sourceTree = "<group>"; };
		2F730E7213B2872200AEDD7F /* SBJsonParser.m */ = {isa = PBXFileReference; fileEncoding = 4; lastKnownFileType = sourcecode.c.objc; path = SBJsonParser.m; sourceTree = "<group>"; };
		2F730E7313B2872200AEDD7F /* SBJsonWriter.h */ = {isa = PBXFileReference; fileEncoding = 4; lastKnownFileType = sourcecode.c.h; path = SBJsonWriter.h; sourceTree = "<group>"; };
		2F730E7413B2872200AEDD7F /* SBJsonWriter.m */ = {isa = PBXFileReference; fileEncoding = 4; lastKnownFileType = sourcecode.c.objc; path = SBJsonWriter.m; sourceTree = "<group>"; };
		2F730E8313B3A6C000AEDD7F /* FlickrModel.h */ = {isa = PBXFileReference; fileEncoding = 4; lastKnownFileType = sourcecode.c.h; name = FlickrModel.h; path = Places/FlickrModel.h; sourceTree = SOURCE_ROOT; };
		2F730E8413B3A6C000AEDD7F /* FlickrModel.m */ = {isa = PBXFileReference; fileEncoding = 4; lastKnownFileType = sourcecode.c.objc; name = FlickrModel.m; path = Places/FlickrModel.m; sourceTree = SOURCE_ROOT; };
		2F730E8613B3A7F200AEDD7F /* PlacesTableViewController.h */ = {isa = PBXFileReference; fileEncoding = 4; lastKnownFileType = sourcecode.c.h; path = PlacesTableViewController.h; sourceTree = "<group>"; };
		2F730E8713B3A7F200AEDD7F /* PlacesTableViewController.m */ = {isa = PBXFileReference; fileEncoding = 4; lastKnownFileType = sourcecode.c.objc; path = PlacesTableViewController.m; sourceTree = "<group>"; };
		2F7AB70B13BBA0DE00C366DF /* PhotoViewController.h */ = {isa = PBXFileReference; fileEncoding = 4; lastKnownFileType = sourcecode.c.h; path = PhotoViewController.h; sourceTree = "<group>"; };
		2F7AB70C13BBA0DE00C366DF /* PhotoViewController.m */ = {isa = PBXFileReference; fileEncoding = 4; lastKnownFileType = sourcecode.c.objc; path = PhotoViewController.m; sourceTree = "<group>"; };
		2F7AB70D13BBA0DE00C366DF /* PhotoViewController.xib */ = {isa = PBXFileReference; fileEncoding = 4; lastKnownFileType = file.xib; path = PhotoViewController.xib; sourceTree = "<group>"; };
		2FCB2D5713CBD9C700F9CDDF /* README.org */ = {isa = PBXFileReference; fileEncoding = 4; lastKnownFileType = text; path = README.org; sourceTree = "<group>"; };
		2FCD94FD13DB62B0004C1DAA /* RecentsModel.h */ = {isa = PBXFileReference; fileEncoding = 4; lastKnownFileType = sourcecode.c.h; path = RecentsModel.h; sourceTree = "<group>"; };
		2FCD94FE13DB62B0004C1DAA /* RecentsModel.m */ = {isa = PBXFileReference; fileEncoding = 4; lastKnownFileType = sourcecode.c.objc; path = RecentsModel.m; sourceTree = "<group>"; };
		2FD3392413BA6AB000791661 /* NSString+Utils.h */ = {isa = PBXFileReference; fileEncoding = 4; lastKnownFileType = sourcecode.c.h; path = "NSString+Utils.h"; sourceTree = "<group>"; };
		2FD3392513BA6AB100791661 /* NSString+Utils.m */ = {isa = PBXFileReference; fileEncoding = 4; lastKnownFileType = sourcecode.c.objc; path = "NSString+Utils.m"; sourceTree = "<group>"; };
		2FD3392813BA6BC400791661 /* NSString_UtilsTest.h */ = {isa = PBXFileReference; fileEncoding = 4; lastKnownFileType = sourcecode.c.h; path = NSString_UtilsTest.h; sourceTree = "<group>"; };
		2FD3392913BA6BC400791661 /* NSString_UtilsTest.m */ = {isa = PBXFileReference; fileEncoding = 4; lastKnownFileType = sourcecode.c.objc; path = NSString_UtilsTest.m; sourceTree = "<group>"; };
/* End PBXFileReference section */

/* Begin PBXFrameworksBuildPhase section */
		2F730DEE13B2664600AEDD7F /* Frameworks */ = {
			isa = PBXFrameworksBuildPhase;
			buildActionMask = 2147483647;
			files = (
				2F730DF613B2664600AEDD7F /* UIKit.framework in Frameworks */,
				2F730DF813B2664600AEDD7F /* Foundation.framework in Frameworks */,
				2F730DFA13B2664600AEDD7F /* CoreGraphics.framework in Frameworks */,
			);
			runOnlyForDeploymentPostprocessing = 0;
		};
		2F730E1713B2664600AEDD7F /* Frameworks */ = {
			isa = PBXFrameworksBuildPhase;
			buildActionMask = 2147483647;
			files = (
				2F730E1C13B2664600AEDD7F /* UIKit.framework in Frameworks */,
				2F730E1D13B2664600AEDD7F /* Foundation.framework in Frameworks */,
				2F730E1E13B2664600AEDD7F /* CoreGraphics.framework in Frameworks */,
			);
			runOnlyForDeploymentPostprocessing = 0;
		};
/* End PBXFrameworksBuildPhase section */

/* Begin PBXGroup section */
		2F730DE613B2664500AEDD7F = {
			isa = PBXGroup;
			children = (
				2FCB2D5713CBD9C700F9CDDF /* README.org */,
				2F730E6313B2872200AEDD7F /* FlickrFetcher */,
				2F730DFB13B2664600AEDD7F /* Places */,
				2F730E2113B2664700AEDD7F /* PlacesTests */,
				2F730DF413B2664600AEDD7F /* Frameworks */,
				2F730DF213B2664600AEDD7F /* Products */,
			);
			sourceTree = "<group>";
		};
		2F730DF213B2664600AEDD7F /* Products */ = {
			isa = PBXGroup;
			children = (
				2F730DF113B2664600AEDD7F /* Places.app */,
				2F730E1B13B2664600AEDD7F /* PlacesTests.octest */,
			);
			name = Products;
			sourceTree = "<group>";
		};
		2F730DF413B2664600AEDD7F /* Frameworks */ = {
			isa = PBXGroup;
			children = (
				2F730DF513B2664600AEDD7F /* UIKit.framework */,
				2F730DF713B2664600AEDD7F /* Foundation.framework */,
				2F730DF913B2664600AEDD7F /* CoreGraphics.framework */,
			);
			name = Frameworks;
			sourceTree = "<group>";
		};
		2F730DFB13B2664600AEDD7F /* Places */ = {
			isa = PBXGroup;
			children = (
				2F730E0413B2664600AEDD7F /* PlacesAppDelegate.h */,
				2F730E0513B2664600AEDD7F /* PlacesAppDelegate.m */,
				2F730E0713B2664600AEDD7F /* MainWindow.xib */,
				2F730E8613B3A7F200AEDD7F /* PlacesTableViewController.h */,
				2F730E8713B3A7F200AEDD7F /* PlacesTableViewController.m */,
				2F730E3D13B27ED500AEDD7F /* MostViewedTableViewController.h */,
				2F730E3E13B27ED500AEDD7F /* MostViewedTableViewController.m */,
				2F730E4013B2829F00AEDD7F /* RecentsTableViewController.h */,
				2F730E4113B2829F00AEDD7F /* RecentsTableViewController.m */,
				2F39913413BEAA1A006DD885 /* TableViewCellAssociations.h */,
				2F39913513BEAA1A006DD885 /* TableViewCellAssociations.m */,
				2F7AB70B13BBA0DE00C366DF /* PhotoViewController.h */,
				2F7AB70C13BBA0DE00C366DF /* PhotoViewController.m */,
				2F7AB70D13BBA0DE00C366DF /* PhotoViewController.xib */,
				2F730E8313B3A6C000AEDD7F /* FlickrModel.h */,
				2F730E8413B3A6C000AEDD7F /* FlickrModel.m */,
				2FCD94FD13DB62B0004C1DAA /* RecentsModel.h */,
				2FCD94FE13DB62B0004C1DAA /* RecentsModel.m */,
				2F39914813C5490B006DD885 /* Picticulars.h */,
				2F39914913C5490B006DD885 /* Picticulars.m */,
				2F39914513C4B4C5006DD885 /* SavesAndRestoresDefaults.h */,
				2F39914613C4B4C5006DD885 /* SavesAndRestoresDefaults.m */,
				2FD3392413BA6AB000791661 /* NSString+Utils.h */,
				2FD3392513BA6AB100791661 /* NSString+Utils.m */,
				2F730DFC13B2664600AEDD7F /* Supporting Files */,
			);
			path = Places;
			sourceTree = "<group>";
		};
		2F730DFC13B2664600AEDD7F /* Supporting Files */ = {
			isa = PBXGroup;
			children = (
				2F730DFD13B2664600AEDD7F /* Places-Info.plist */,
				2F730DFE13B2664600AEDD7F /* InfoPlist.strings */,
				2F730E0113B2664600AEDD7F /* Places-Prefix.pch */,
				2F730E0213B2664600AEDD7F /* main.m */,
			);
			name = "Supporting Files";
			sourceTree = "<group>";
		};
		2F730E2113B2664700AEDD7F /* PlacesTests */ = {
			isa = PBXGroup;
			children = (
				2F730E2813B2664700AEDD7F /* PlacesTests.h */,
				2F730E2A13B2664700AEDD7F /* PlacesTests.m */,
				2FD3392813BA6BC400791661 /* NSString_UtilsTest.h */,
				2FD3392913BA6BC400791661 /* NSString_UtilsTest.m */,
				2F730E2213B2664700AEDD7F /* Supporting Files */,
			);
			path = PlacesTests;
			sourceTree = "<group>";
		};
		2F730E2213B2664700AEDD7F /* Supporting Files */ = {
			isa = PBXGroup;
			children = (
				2F730E2313B2664700AEDD7F /* PlacesTests-Info.plist */,
				2F730E2413B2664700AEDD7F /* InfoPlist.strings */,
				2F730E2713B2664700AEDD7F /* PlacesTests-Prefix.pch */,
			);
			name = "Supporting Files";
			sourceTree = "<group>";
		};
		2F730E6313B2872200AEDD7F /* FlickrFetcher */ = {
			isa = PBXGroup;
			children = (
				2F730E6413B2872200AEDD7F /* FlickrAPIKey.h */,
				2F730E6513B2872200AEDD7F /* FlickrFetcher.h */,
				2F730E6613B2872200AEDD7F /* FlickrFetcher.m */,
				2F730E6713B2872200AEDD7F /* JSON */,
			);
			path = FlickrFetcher;
			sourceTree = "<group>";
		};
		2F730E6713B2872200AEDD7F /* JSON */ = {
			isa = PBXGroup;
			children = (
				2F730E6813B2872200AEDD7F /* JSON.h */,
				2F730E6913B2872200AEDD7F /* NSObject+SBJSON.h */,
				2F730E6A13B2872200AEDD7F /* NSObject+SBJSON.m */,
				2F730E6B13B2872200AEDD7F /* NSString+SBJSON.h */,
				2F730E6C13B2872200AEDD7F /* NSString+SBJSON.m */,
				2F730E6D13B2872200AEDD7F /* SBJSON.h */,
				2F730E6E13B2872200AEDD7F /* SBJSON.m */,
				2F730E6F13B2872200AEDD7F /* SBJsonBase.h */,
				2F730E7013B2872200AEDD7F /* SBJsonBase.m */,
				2F730E7113B2872200AEDD7F /* SBJsonParser.h */,
				2F730E7213B2872200AEDD7F /* SBJsonParser.m */,
				2F730E7313B2872200AEDD7F /* SBJsonWriter.h */,
				2F730E7413B2872200AEDD7F /* SBJsonWriter.m */,
			);
			path = JSON;
			sourceTree = "<group>";
		};
/* End PBXGroup section */

/* Begin PBXNativeTarget section */
		2F730DF013B2664600AEDD7F /* Places */ = {
			isa = PBXNativeTarget;
			buildConfigurationList = 2F730E2E13B2664700AEDD7F /* Build configuration list for PBXNativeTarget "Places" */;
			buildPhases = (
				2F730DED13B2664600AEDD7F /* Sources */,
				2F730DEE13B2664600AEDD7F /* Frameworks */,
				2F730DEF13B2664600AEDD7F /* Resources */,
			);
			buildRules = (
			);
			dependencies = (
			);
			name = Places;
			productName = Places;
			productReference = 2F730DF113B2664600AEDD7F /* Places.app */;
			productType = "com.apple.product-type.application";
		};
		2F730E1A13B2664600AEDD7F /* PlacesTests */ = {
			isa = PBXNativeTarget;
			buildConfigurationList = 2F730E3113B2664700AEDD7F /* Build configuration list for PBXNativeTarget "PlacesTests" */;
			buildPhases = (
				2F730E1613B2664600AEDD7F /* Sources */,
				2F730E1713B2664600AEDD7F /* Frameworks */,
				2F730E1813B2664600AEDD7F /* Resources */,
				2F730E1913B2664600AEDD7F /* ShellScript */,
			);
			buildRules = (
			);
			dependencies = (
				2F730E2013B2664700AEDD7F /* PBXTargetDependency */,
			);
			name = PlacesTests;
			productName = PlacesTests;
			productReference = 2F730E1B13B2664600AEDD7F /* PlacesTests.octest */;
			productType = "com.apple.product-type.bundle";
		};
/* End PBXNativeTarget section */

/* Begin PBXProject section */
		2F730DE813B2664500AEDD7F /* Project object */ = {
			isa = PBXProject;
			buildConfigurationList = 2F730DEB13B2664600AEDD7F /* Build configuration list for PBXProject "Places" */;
			compatibilityVersion = "Xcode 3.2";
			developmentRegion = English;
			hasScannedForEncodings = 0;
			knownRegions = (
				en,
			);
			mainGroup = 2F730DE613B2664500AEDD7F;
			productRefGroup = 2F730DF213B2664600AEDD7F /* Products */;
			projectDirPath = "";
			projectRoot = "";
			targets = (
				2F730DF013B2664600AEDD7F /* Places */,
				2F730E1A13B2664600AEDD7F /* PlacesTests */,
			);
		};
/* End PBXProject section */

/* Begin PBXResourcesBuildPhase section */
		2F730DEF13B2664600AEDD7F /* Resources */ = {
			isa = PBXResourcesBuildPhase;
			buildActionMask = 2147483647;
			files = (
				2F730E0013B2664600AEDD7F /* InfoPlist.strings in Resources */,
				2F730E0913B2664600AEDD7F /* MainWindow.xib in Resources */,
				2F7AB70F13BBA0DE00C366DF /* PhotoViewController.xib in Resources */,
				2FCB2D5813CBD9C800F9CDDF /* README.org in Resources */,
			);
			runOnlyForDeploymentPostprocessing = 0;
		};
		2F730E1813B2664600AEDD7F /* Resources */ = {
			isa = PBXResourcesBuildPhase;
			buildActionMask = 2147483647;
			files = (
				2F730E2613B2664700AEDD7F /* InfoPlist.strings in Resources */,
				2F730E2913B2664700AEDD7F /* PlacesTests.h in Resources */,
			);
			runOnlyForDeploymentPostprocessing = 0;
		};
/* End PBXResourcesBuildPhase section */

/* Begin PBXShellScriptBuildPhase section */
		2F730E1913B2664600AEDD7F /* ShellScript */ = {
			isa = PBXShellScriptBuildPhase;
			buildActionMask = 2147483647;
			files = (
			);
			inputPaths = (
			);
			outputPaths = (
			);
			runOnlyForDeploymentPostprocessing = 0;
			shellPath = /bin/sh;
			shellScript = "# Run the unit tests in this test bundle.\n\"${SYSTEM_DEVELOPER_DIR}/Tools/RunUnitTests\"\n";
		};
/* End PBXShellScriptBuildPhase section */

/* Begin PBXSourcesBuildPhase section */
		2F730DED13B2664600AEDD7F /* Sources */ = {
			isa = PBXSourcesBuildPhase;
			buildActionMask = 2147483647;
			files = (
				2F730E0313B2664600AEDD7F /* main.m in Sources */,
				2F730E0613B2664600AEDD7F /* PlacesAppDelegate.m in Sources */,
				2F730E3F13B27ED500AEDD7F /* MostViewedTableViewController.m in Sources */,
				2F730E4213B2829F00AEDD7F /* RecentsTableViewController.m in Sources */,
				2F730E7513B2872200AEDD7F /* FlickrFetcher.m in Sources */,
				2F730E7713B2872200AEDD7F /* NSObject+SBJSON.m in Sources */,
				2F730E7913B2872200AEDD7F /* NSString+SBJSON.m in Sources */,
				2F730E7B13B2872200AEDD7F /* SBJSON.m in Sources */,
				2F730E7D13B2872200AEDD7F /* SBJsonBase.m in Sources */,
				2F730E7F13B2872200AEDD7F /* SBJsonParser.m in Sources */,
				2F730E8113B2872200AEDD7F /* SBJsonWriter.m in Sources */,
				2F730E8513B3A6C000AEDD7F /* FlickrModel.m in Sources */,
				2F730E8813B3A7F200AEDD7F /* PlacesTableViewController.m in Sources */,
				2FD3392613BA6AB100791661 /* NSString+Utils.m in Sources */,
				2F7AB70E13BBA0DE00C366DF /* PhotoViewController.m in Sources */,
				2F39913613BEAA1B006DD885 /* TableViewCellAssociations.m in Sources */,
				2F39914713C4B4C5006DD885 /* SavesAndRestoresDefaults.m in Sources */,
				2F39914A13C5490C006DD885 /* Picticulars.m in Sources */,
				2FCD94FF13DB62B0004C1DAA /* RecentsModel.m in Sources */,
			);
			runOnlyForDeploymentPostprocessing = 0;
		};
		2F730E1613B2664600AEDD7F /* Sources */ = {
			isa = PBXSourcesBuildPhase;
			buildActionMask = 2147483647;
			files = (
				2FD3392713BA6AB100791661 /* NSString+Utils.m in Sources */,
				2FD3392B13BA6BC400791661 /* NSString_UtilsTest.m in Sources */,
				2F730E2B13B2664700AEDD7F /* PlacesTests.m in Sources */,
				2FCD950013DB62B0004C1DAA /* RecentsModel.m in Sources */,
			);
			runOnlyForDeploymentPostprocessing = 0;
		};
/* End PBXSourcesBuildPhase section */

/* Begin PBXTargetDependency section */
		2F730E2013B2664700AEDD7F /* PBXTargetDependency */ = {
			isa = PBXTargetDependency;
			target = 2F730DF013B2664600AEDD7F /* Places */;
			targetProxy = 2F730E1F13B2664700AEDD7F /* PBXContainerItemProxy */;
		};
/* End PBXTargetDependency section */

/* Begin PBXVariantGroup section */
		2F730DFE13B2664600AEDD7F /* InfoPlist.strings */ = {
			isa = PBXVariantGroup;
			children = (
				2F730DFF13B2664600AEDD7F /* en */,
			);
			name = InfoPlist.strings;
			sourceTree = "<group>";
		};
		2F730E0713B2664600AEDD7F /* MainWindow.xib */ = {
			isa = PBXVariantGroup;
			children = (
				2F730E0813B2664600AEDD7F /* en */,
			);
			name = MainWindow.xib;
			sourceTree = "<group>";
		};
		2F730E2413B2664700AEDD7F /* InfoPlist.strings */ = {
			isa = PBXVariantGroup;
			children = (
				2F730E2513B2664700AEDD7F /* en */,
			);
			name = InfoPlist.strings;
			sourceTree = "<group>";
		};
/* End PBXVariantGroup section */

/* Begin XCBuildConfiguration section */
		2F730E2C13B2664700AEDD7F /* Debug */ = {
			isa = XCBuildConfiguration;
			buildSettings = {
				ARCHS = "$(ARCHS_STANDARD_32_BIT)";
				"CODE_SIGN_IDENTITY[sdk=iphoneos*]" = "iPhone Developer";
				GCC_C_LANGUAGE_STANDARD = gnu99;
				GCC_OPTIMIZATION_LEVEL = 0;
				GCC_PREPROCESSOR_DEFINITIONS = DEBUG;
				GCC_SYMBOLS_PRIVATE_EXTERN = NO;
				GCC_VERSION = com.apple.compilers.llvmgcc42;
				GCC_WARN_ABOUT_RETURN_TYPE = YES;
				GCC_WARN_UNUSED_VARIABLE = YES;
				IPHONEOS_DEPLOYMENT_TARGET = 4.3;
				SDKROOT = iphoneos;
			};
			name = Debug;
		};
		2F730E2D13B2664700AEDD7F /* Release */ = {
			isa = XCBuildConfiguration;
			buildSettings = {
				ARCHS = "$(ARCHS_STANDARD_32_BIT)";
				"CODE_SIGN_IDENTITY[sdk=iphoneos*]" = "iPhone Developer";
				GCC_C_LANGUAGE_STANDARD = gnu99;
				GCC_VERSION = com.apple.compilers.llvmgcc42;
				GCC_WARN_ABOUT_RETURN_TYPE = YES;
				GCC_WARN_UNUSED_VARIABLE = YES;
				IPHONEOS_DEPLOYMENT_TARGET = 4.3;
				OTHER_CFLAGS = "-DNS_BLOCK_ASSERTIONS=1";
				SDKROOT = iphoneos;
			};
			name = Release;
		};
		2F730E2F13B2664700AEDD7F /* Debug */ = {
			isa = XCBuildConfiguration;
			buildSettings = {
				ALWAYS_SEARCH_USER_PATHS = NO;
				COPY_PHASE_STRIP = NO;
				GCC_DYNAMIC_NO_PIC = NO;
				GCC_PRECOMPILE_PREFIX_HEADER = YES;
				GCC_PREFIX_HEADER = "Places/Places-Prefix.pch";
				INFOPLIST_FILE = "Places/Places-Info.plist";
				PRODUCT_NAME = "$(TARGET_NAME)";
				WRAPPER_EXTENSION = app;
			};
			name = Debug;
		};
		2F730E3013B2664700AEDD7F /* Release */ = {
			isa = XCBuildConfiguration;
			buildSettings = {
				ALWAYS_SEARCH_USER_PATHS = NO;
				COPY_PHASE_STRIP = YES;
				GCC_PRECOMPILE_PREFIX_HEADER = YES;
				GCC_PREFIX_HEADER = "Places/Places-Prefix.pch";
				INFOPLIST_FILE = "Places/Places-Info.plist";
				PRODUCT_NAME = "$(TARGET_NAME)";
				VALIDATE_PRODUCT = YES;
				WRAPPER_EXTENSION = app;
			};
			name = Release;
		};
		2F730E3213B2664700AEDD7F /* Debug */ = {
			isa = XCBuildConfiguration;
			buildSettings = {
				ALWAYS_SEARCH_USER_PATHS = NO;
				BUNDLE_LOADER = "$(BUILT_PRODUCTS_DIR)/Places.app/Places";
				FRAMEWORK_SEARCH_PATHS = (
					"$(SDKROOT)/Developer/Library/Frameworks",
					"$(DEVELOPER_LIBRARY_DIR)/Frameworks",
				);
				GCC_PRECOMPILE_PREFIX_HEADER = YES;
				GCC_PREFIX_HEADER = "PlacesTests/PlacesTests-Prefix.pch";
				INFOPLIST_FILE = "PlacesTests/PlacesTests-Info.plist";
				OTHER_LDFLAGS = (
					"-framework",
					SenTestingKit,
				);
				PRODUCT_NAME = "$(TARGET_NAME)";
				TEST_HOST = "$(BUNDLE_LOADER)";
				WRAPPER_EXTENSION = octest;
			};
			name = Debug;
		};
		2F730E3313B2664700AEDD7F /* Release */ = {
			isa = XCBuildConfiguration;
			buildSettings = {
				ALWAYS_SEARCH_USER_PATHS = NO;
				BUNDLE_LOADER = "$(BUILT_PRODUCTS_DIR)/Places.app/Places";
				FRAMEWORK_SEARCH_PATHS = (
					"$(SDKROOT)/Developer/Library/Frameworks",
					"$(DEVELOPER_LIBRARY_DIR)/Frameworks",
				);
				GCC_PRECOMPILE_PREFIX_HEADER = YES;
				GCC_PREFIX_HEADER = "PlacesTests/PlacesTests-Prefix.pch";
				INFOPLIST_FILE = "PlacesTests/PlacesTests-Info.plist";
				OTHER_LDFLAGS = (
					"-framework",
					SenTestingKit,
				);
				PRODUCT_NAME = "$(TARGET_NAME)";
				TEST_HOST = "$(BUNDLE_LOADER)";
				WRAPPER_EXTENSION = octest;
			};
			name = Release;
		};
/* End XCBuildConfiguration section */

/* Begin XCConfigurationList section */
		2F730DEB13B2664600AEDD7F /* Build configuration list for PBXProject "Places" */ = {
			isa = XCConfigurationList;
			buildConfigurations = (
				2F730E2C13B2664700AEDD7F /* Debug */,
				2F730E2D13B2664700AEDD7F /* Release */,
			);
			defaultConfigurationIsVisible = 0;
			defaultConfigurationName = Release;
		};
		2F730E2E13B2664700AEDD7F /* Build configuration list for PBXNativeTarget "Places" */ = {
			isa = XCConfigurationList;
			buildConfigurations = (
				2F730E2F13B2664700AEDD7F /* Debug */,
				2F730E3013B2664700AEDD7F /* Release */,
			);
			defaultConfigurationIsVisible = 0;
			defaultConfigurationName = Release;
		};
		2F730E3113B2664700AEDD7F /* Build configuration list for PBXNativeTarget "PlacesTests" */ = {
			isa = XCConfigurationList;
			buildConfigurations = (
				2F730E3213B2664700AEDD7F /* Debug */,
				2F730E3313B2664700AEDD7F /* Release */,
			);
			defaultConfigurationIsVisible = 0;
			defaultConfigurationName = Release;
		};
/* End XCConfigurationList section */
	};
	rootObject = 2F730DE813B2664500AEDD7F /* Project object */;
}
